
Microsoft Visual Studio Solution File, Format Version 12.00
# Visual Studio Version 16
VisualStudioVersion = 16.0.29509.3
MinimumVisualStudioVersion = 10.0.40219.1
Project("{888888A0-9F3D-457C-B088-3A5042F75D52}") = "TFG", "TFG\TFG.pyproj", "{87C1A671-2985-4313-AA9B-203F4D6988A6}"
EndProject
Global
	GlobalSection(SolutionConfigurationPlatforms) = preSolution
		Debug|Any CPU = Debug|Any CPU
		Release|Any CPU = Release|Any CPU
	EndGlobalSection
	GlobalSection(ProjectConfigurationPlatforms) = postSolution
		{87C1A671-2985-4313-AA9B-203F4D6988A6}.Debug|Any CPU.ActiveCfg = Debug|Any CPU
		{87C1A671-2985-4313-AA9B-203F4D6988A6}.Release|Any CPU.ActiveCfg = Release|Any CPU
	EndGlobalSection
	GlobalSection(SolutionProperties) = preSolution
		HideSolutionNode = FALSE
	EndGlobalSection
	GlobalSection(ExtensibilityGlobals) = postSolution
		SolutionGuid = {B57AEFF1-6FAD-49BB-8AC6-5C0BDC7C4A41}
	EndGlobalSection
EndGlobal
